
Microsoft Visual Studio Solution File, Format Version 12.00
# Visual Studio Version 17
VisualStudioVersion = 17.4.33213.308
MinimumVisualStudioVersion = 10.0.40219.1
Project("{FAE04EC0-301F-11D3-BF4B-00C04F79EFBC}") = "comp.003A", "comp.003A\comp.003A.csproj", "{793EF1E1-43B6-4A84-A9E4-9254C085762E}"
EndProject
Global
	GlobalSection(SolutionConfigurationPlatforms) = preSolution
		Debug|Any CPU = Debug|Any CPU
		Release|Any CPU = Release|Any CPU
	EndGlobalSection
	GlobalSection(ProjectConfigurationPlatforms) = postSolution
		{793EF1E1-43B6-4A84-A9E4-9254C085762E}.Debug|Any CPU.ActiveCfg = Debug|Any CPU
		{793EF1E1-43B6-4A84-A9E4-9254C085762E}.Debug|Any CPU.Build.0 = Debug|Any CPU
		{793EF1E1-43B6-4A84-A9E4-9254C085762E}.Release|Any CPU.ActiveCfg = Release|Any CPU
		{793EF1E1-43B6-4A84-A9E4-9254C085762E}.Release|Any CPU.Build.0 = Release|Any CPU
	EndGlobalSection
	GlobalSection(SolutionProperties) = preSolution
		HideSolutionNode = FALSE
	EndGlobalSection
	GlobalSection(ExtensibilityGlobals) = postSolution
		SolutionGuid = {11FFD4CD-6821-41C5-833E-6BEA23A5FCBB}
	EndGlobalSection
EndGlobal
